
Microsoft Visual Studio Solution File, Format Version 12.00
# Visual Studio Version 17
VisualStudioVersion = 17.7.34031.279
MinimumVisualStudioVersion = 10.0.40219.1
Project("{9A19103F-16F7-4668-BE54-9A1E7A4F7556}") = "LeoECS-EventsManager", "LeoECS-EventsManager.csproj", "{7CECB0EA-FBEA-4FBD-A6FE-77106D4D76D9}"
EndProject
Global
	GlobalSection(SolutionConfigurationPlatforms) = preSolution
		Debug|Any CPU = Debug|Any CPU
		Release|Any CPU = Release|Any CPU
	EndGlobalSection
	GlobalSection(ProjectConfigurationPlatforms) = postSolution
		{7CECB0EA-FBEA-4FBD-A6FE-77106D4D76D9}.Debug|Any CPU.ActiveCfg = Debug|Any CPU
		{7CECB0EA-FBEA-4FBD-A6FE-77106D4D76D9}.Debug|Any CPU.Build.0 = Debug|Any CPU
		{7CECB0EA-FBEA-4FBD-A6FE-77106D4D76D9}.Release|Any CPU.ActiveCfg = Release|Any CPU
		{7CECB0EA-FBEA-4FBD-A6FE-77106D4D76D9}.Release|Any CPU.Build.0 = Release|Any CPU
	EndGlobalSection
	GlobalSection(SolutionProperties) = preSolution
		HideSolutionNode = FALSE
	EndGlobalSection
	GlobalSection(ExtensibilityGlobals) = postSolution
		SolutionGuid = {DAC3870E-4B20-4155-A6C7-B602E99B0C4C}
	EndGlobalSection
EndGlobal
